
Microsoft Visual Studio Solution File, Format Version 12.00
# Visual Studio Version 16
VisualStudioVersion = 16.0.31515.178
MinimumVisualStudioVersion = 10.0.40219.1
Project("{FAE04EC0-301F-11D3-BF4B-00C04F79EFBC}") = "chatBot", "chatBot\chatBot.csproj", "{5CEC63F1-E1F2-407C-8078-7E59DF687AD6}"
EndProject
Project("{FAE04EC0-301F-11D3-BF4B-00C04F79EFBC}") = "chatBot.Test", "chatBot.Test\chatBot.Test.csproj", "{E60609BD-2C4B-45CC-8DB0-9395ABBB1E00}"
EndProject
Project("{FAE04EC0-301F-11D3-BF4B-00C04F79EFBC}") = "ChatBotLib", "ChatBotLib\ChatBotLib.csproj", "{57FBE1D6-552D-49EA-A8D4-F3FB2BA18E2E}"
EndProject
Global
	GlobalSection(SolutionConfigurationPlatforms) = preSolution
		Debug|Any CPU = Debug|Any CPU
		Release|Any CPU = Release|Any CPU
	EndGlobalSection
	GlobalSection(ProjectConfigurationPlatforms) = postSolution
		{5CEC63F1-E1F2-407C-8078-7E59DF687AD6}.Debug|Any CPU.ActiveCfg = Debug|Any CPU
		{5CEC63F1-E1F2-407C-8078-7E59DF687AD6}.Debug|Any CPU.Build.0 = Debug|Any CPU
		{5CEC63F1-E1F2-407C-8078-7E59DF687AD6}.Release|Any CPU.ActiveCfg = Release|Any CPU
		{5CEC63F1-E1F2-407C-8078-7E59DF687AD6}.Release|Any CPU.Build.0 = Release|Any CPU
		{E60609BD-2C4B-45CC-8DB0-9395ABBB1E00}.Debug|Any CPU.ActiveCfg = Debug|Any CPU
		{E60609BD-2C4B-45CC-8DB0-9395ABBB1E00}.Debug|Any CPU.Build.0 = Debug|Any CPU
		{E60609BD-2C4B-45CC-8DB0-9395ABBB1E00}.Release|Any CPU.ActiveCfg = Release|Any CPU
		{E60609BD-2C4B-45CC-8DB0-9395ABBB1E00}.Release|Any CPU.Build.0 = Release|Any CPU
		{57FBE1D6-552D-49EA-A8D4-F3FB2BA18E2E}.Debug|Any CPU.ActiveCfg = Debug|Any CPU
		{57FBE1D6-552D-49EA-A8D4-F3FB2BA18E2E}.Debug|Any CPU.Build.0 = Debug|Any CPU
		{57FBE1D6-552D-49EA-A8D4-F3FB2BA18E2E}.Release|Any CPU.ActiveCfg = Release|Any CPU
		{57FBE1D6-552D-49EA-A8D4-F3FB2BA18E2E}.Release|Any CPU.Build.0 = Release|Any CPU
	EndGlobalSection
	GlobalSection(SolutionProperties) = preSolution
		HideSolutionNode = FALSE
	EndGlobalSection
	GlobalSection(ExtensibilityGlobals) = postSolution
		SolutionGuid = {647F9788-A50D-4090-9F74-3439A12E8F77}
	EndGlobalSection
EndGlobal
